
Microsoft Visual Studio Solution File, Format Version 12.00
# Visual Studio Version 17
VisualStudioVersion = 17.5.33424.131
MinimumVisualStudioVersion = 10.0.40219.1
Project("{9A19103F-16F7-4668-BE54-9A1E7A4F7556}") = "EmployeeSearch", "EmployeeSearch\EmployeeSearch.csproj", "{50991752-DBF9-4851-993B-D564F21227F1}"
EndProject
Global
	GlobalSection(SolutionConfigurationPlatforms) = preSolution
		Debug|Any CPU = Debug|Any CPU
		publish|Any CPU = publish|Any CPU
		Release|Any CPU = Release|Any CPU
	EndGlobalSection
	GlobalSection(ProjectConfigurationPlatforms) = postSolution
		{50991752-DBF9-4851-993B-D564F21227F1}.Debug|Any CPU.ActiveCfg = Debug|Any CPU
		{50991752-DBF9-4851-993B-D564F21227F1}.Debug|Any CPU.Build.0 = Debug|Any CPU
		{50991752-DBF9-4851-993B-D564F21227F1}.publish|Any CPU.ActiveCfg = publish|Any CPU
		{50991752-DBF9-4851-993B-D564F21227F1}.publish|Any CPU.Build.0 = publish|Any CPU
		{50991752-DBF9-4851-993B-D564F21227F1}.Release|Any CPU.ActiveCfg = Release|Any CPU
		{50991752-DBF9-4851-993B-D564F21227F1}.Release|Any CPU.Build.0 = Release|Any CPU
	EndGlobalSection
	GlobalSection(SolutionProperties) = preSolution
		HideSolutionNode = FALSE
	EndGlobalSection
	GlobalSection(ExtensibilityGlobals) = postSolution
		SolutionGuid = {09C13C57-2F59-4939-9D9C-54F087EF811A}
	EndGlobalSection
EndGlobal
